// !$*UTF8*$!
{
	archiveVersion = 1;
	classes = {
	};
	objectVersion = 50;
	objects = {

/* Begin PBXBuildFile section */
		40B4651F22C7461E0010A445 /* AppDelegate.swift in Sources */ = {isa = PBXBuildFile; fileRef = 40B4651E22C7461E0010A445 /* AppDelegate.swift */; };
		40B4652122C7461E0010A445 /* ViewController.swift in Sources */ = {isa = PBXBuildFile; fileRef = 40B4652022C7461E0010A445 /* ViewController.swift */; };
		40B4652422C7461E0010A445 /* Main.storyboard in Resources */ = {isa = PBXBuildFile; fileRef = 40B4652222C7461E0010A445 /* Main.storyboard */; };
		40B4652622C7461F0010A445 /* Assets.xcassets in Resources */ = {isa = PBXBuildFile; fileRef = 40B4652522C7461F0010A445 /* Assets.xcassets */; };
		40B4652922C7461F0010A445 /* LaunchScreen.storyboard in Resources */ = {isa = PBXBuildFile; fileRef = 40B4652722C7461F0010A445 /* LaunchScreen.storyboard */; };
		40B4653222C766D30010A445 /* ConcentrationNewModel.swift in Sources */ = {isa = PBXBuildFile; fileRef = 40B4653122C766D30010A445 /* ConcentrationNewModel.swift */; };
		40B4653422C767560010A445 /* Card.swift in Sources */ = {isa = PBXBuildFile; fileRef = 40B4653322C767560010A445 /* Card.swift */; };
/* End PBXBuildFile section */

/* Begin PBXFileReference section */
		40B4651B22C7461E0010A445 /* ConcentrationNew.app */ = {isa = PBXFileReference; explicitFileType = wrapper.application; includeInIndex = 0; path = ConcentrationNew.app; sourceTree = BUILT_PRODUCTS_DIR; };
		40B4651E22C7461E0010A445 /* AppDelegate.swift */ = {isa = PBXFileReference; lastKnownFileType = sourcecode.swift; path = AppDelegate.swift; sourceTree = "<group>"; };
		40B4652022C7461E0010A445 /* ViewController.swift */ = {isa = PBXFileReference; lastKnownFileType = sourcecode.swift; path = ViewController.swift; sourceTree = "<group>"; };
		40B4652322C7461E0010A445 /* Base */ = {isa = PBXFileReference; lastKnownFileType = file.storyboard; name = Base; path = Base.lproj/Main.storyboard; sourceTree = "<group>"; };
		40B4652522C7461F0010A445 /* Assets.xcassets */ = {isa = PBXFileReference; lastKnownFileType = folder.assetcatalog; path = Assets.xcassets; sourceTree = "<group>"; };
		40B4652822C7461F0010A445 /* Base */ = {isa = PBXFileReference; lastKnownFileType = file.storyboard; name = Base; path = Base.lproj/LaunchScreen.storyboard; sourceTree = "<group>"; };
		40B4652A22C7461F0010A445 /* Info.plist */ = {isa = PBXFileReference; lastKnownFileType = text.plist.xml; path = Info.plist; sourceTree = "<group>"; };
		40B4653122C766D30010A445 /* ConcentrationNewModel.swift */ = {isa = PBXFileReference; lastKnownFileType = sourcecode.swift; path = ConcentrationNewModel.swift; sourceTree = "<group>"; };
		40B4653322C767560010A445 /* Card.swift */ = {isa = PBXFileReference; lastKnownFileType = sourcecode.swift; path = Card.swift; sourceTree = "<group>"; };
/* End PBXFileReference section */

/* Begin PBXFrameworksBuildPhase section */
		40B4651822C7461E0010A445 /* Frameworks */ = {
			isa = PBXFrameworksBuildPhase;
			buildActionMask = 2147483647;
			files = (
			);
			runOnlyForDeploymentPostprocessing = 0;
		};
/* End PBXFrameworksBuildPhase section */

/* Begin PBXGroup section */
		40B4651222C7461E0010A445 = {
			isa = PBXGroup;
			children = (
				40B4651D22C7461E0010A445 /* ConcentrationNew */,
				40B4651C22C7461E0010A445 /* Products */,
			);
			sourceTree = "<group>";
		};
		40B4651C22C7461E0010A445 /* Products */ = {
			isa = PBXGroup;
			children = (
				40B4651B22C7461E0010A445 /* ConcentrationNew.app */,
			);
			name = Products;
			sourceTree = "<group>";
		};
		40B4651D22C7461E0010A445 /* ConcentrationNew */ = {
			isa = PBXGroup;
			children = (
				40B4653022C746CF0010A445 /* Supporting Files */,
				40B4652022C7461E0010A445 /* ViewController.swift */,
				40B4653122C766D30010A445 /* ConcentrationNewModel.swift */,
				40B4653322C767560010A445 /* Card.swift */,
				40B4652222C7461E0010A445 /* Main.storyboard */,
				40B4652A22C7461F0010A445 /* Info.plist */,
			);
			path = ConcentrationNew;
			sourceTree = "<group>";
		};
		40B4653022C746CF0010A445 /* Supporting Files */ = {
			isa = PBXGroup;
			children = (
				40B4651E22C7461E0010A445 /* AppDelegate.swift */,
				40B4652522C7461F0010A445 /* Assets.xcassets */,
				40B4652722C7461F0010A445 /* LaunchScreen.storyboard */,
			);
			path = "Supporting Files";
			sourceTree = "<group>";
		};
/* End PBXGroup section */

/* Begin PBXNativeTarget section */
		40B4651A22C7461E0010A445 /* ConcentrationNew */ = {
			isa = PBXNativeTarget;
			buildConfigurationList = 40B4652D22C7461F0010A445 /* Build configuration list for PBXNativeTarget "ConcentrationNew" */;
			buildPhases = (
				40B4651722C7461E0010A445 /* Sources */,
				40B4651822C7461E0010A445 /* Frameworks */,
				40B4651922C7461E0010A445 /* Resources */,
			);
			buildRules = (
			);
			dependencies = (
			);
			name = ConcentrationNew;
			productName = ConcentrationNew;
			productReference = 40B4651B22C7461E0010A445 /* ConcentrationNew.app */;
			productType = "com.apple.product-type.application";
		};
/* End PBXNativeTarget section */

/* Begin PBXProject section */
		40B4651322C7461E0010A445 /* Project object */ = {
			isa = PBXProject;
			attributes = {
				LastSwiftUpdateCheck = 1010;
				LastUpgradeCheck = 1010;
				ORGANIZATIONNAME = "Ivan Ho";
				TargetAttributes = {
					40B4651A22C7461E0010A445 = {
						CreatedOnToolsVersion = 10.1;
					};
				};
			};
			buildConfigurationList = 40B4651622C7461E0010A445 /* Build configuration list for PBXProject "ConcentrationNew" */;
			compatibilityVersion = "Xcode 9.3";
			developmentRegion = en;
			hasScannedForEncodings = 0;
			knownRegions = (
				en,
				Base,
			);
			mainGroup = 40B4651222C7461E0010A445;
			productRefGroup = 40B4651C22C7461E0010A445 /* Products */;
			projectDirPath = "";
			projectRoot = "";
			targets = (
				40B4651A22C7461E0010A445 /* ConcentrationNew */,
			);
		};
/* End PBXProject section */

/* Begin PBXResourcesBuildPhase section */
		40B4651922C7461E0010A445 /* Resources */ = {
			isa = PBXResourcesBuildPhase;
			buildActionMask = 2147483647;
			files = (
				40B4652922C7461F0010A445 /* LaunchScreen.storyboard in Resources */,
				40B4652622C7461F0010A445 /* Assets.xcassets in Resources */,
				40B4652422C7461E0010A445 /* Main.storyboard in Resources */,
			);
			runOnlyForDeploymentPostprocessing = 0;
		};
/* End PBXResourcesBuildPhase section */

/* Begin PBXSourcesBuildPhase section */
		40B4651722C7461E0010A445 /* Sources */ = {
			isa = PBXSourcesBuildPhase;
			buildActionMask = 2147483647;
			files = (
				40B4652122C7461E0010A445 /* ViewController.swift in Sources */,
				40B4651F22C7461E0010A445 /* AppDelegate.swift in Sources */,
				40B4653222C766D30010A445 /* ConcentrationNewModel.swift in Sources */,
				40B4653422C767560010A445 /* Card.swift in Sources */,
			);
			runOnlyForDeploymentPostprocessing = 0;
		};
/* End PBXSourcesBuildPhase section */

/* Begin PBXVariantGroup section */
		40B4652222C7461E0010A445 /* Main.storyboard */ = {
			isa = PBXVariantGroup;
			children = (
				40B4652322C7461E0010A445 /* Base */,
			);
			name = Main.storyboard;
			sourceTree = "<group>";
		};
		40B4652722C7461F0010A445 /* LaunchScreen.storyboard */ = {
			isa = PBXVariantGroup;
			children = (
				40B4652822C7461F0010A445 /* Base */,
			);
			name = LaunchScreen.storyboard;
			sourceTree = "<group>";
		};
/* End PBXVariantGroup section */

/* Begin XCBuildConfiguration section */
		40B4652B22C7461F0010A445 /* Debug */ = {
			isa = XCBuildConfiguration;
			buildSettings = {
				ALWAYS_SEARCH_USER_PATHS = NO;
				CLANG_ANALYZER_NONNULL = YES;
				CLANG_ANALYZER_NUMBER_OBJECT_CONVERSION = YES_AGGRESSIVE;
				CLANG_CXX_LANGUAGE_STANDARD = "gnu++14";
				CLANG_CXX_LIBRARY = "libc++";
				CLANG_ENABLE_MODULES = YES;
				CLANG_ENABLE_OBJC_ARC = YES;
				CLANG_ENABLE_OBJC_WEAK = YES;
				CLANG_WARN_BLOCK_CAPTURE_AUTORELEASING = YES;
				CLANG_WARN_BOOL_CONVERSION = YES;
				CLANG_WARN_COMMA = YES;
				CLANG_WARN_CONSTANT_CONVERSION = YES;
				CLANG_WARN_DEPRECATED_OBJC_IMPLEMENTATIONS = YES;
				CLANG_WARN_DIRECT_OBJC_ISA_USAGE = YES_ERROR;
				CLANG_WARN_DOCUMENTATION_COMMENTS = YES;
				CLANG_WARN_EMPTY_BODY = YES;
				CLANG_WARN_ENUM_CONVERSION = YES;
				CLANG_WARN_INFINITE_RECURSION = YES;
				CLANG_WARN_INT_CONVERSION = YES;
				CLANG_WARN_NON_LITERAL_NULL_CONVERSION = YES;
				CLANG_WARN_OBJC_IMPLICIT_RETAIN_SELF = YES;
				CLANG_WARN_OBJC_LITERAL_CONVERSION = YES;
				CLANG_WARN_OBJC_ROOT_CLASS = YES_ERROR;
				CLANG_WARN_RANGE_LOOP_ANALYSIS = YES;
				CLANG_WARN_STRICT_PROTOTYPES = YES;
				CLANG_WARN_SUSPICIOUS_MOVE = YES;
				CLANG_WARN_UNGUARDED_AVAILABILITY = YES_AGGRESSIVE;
				CLANG_WARN_UNREACHABLE_CODE = YES;
				CLANG_WARN__DUPLICATE_METHOD_MATCH = YES;
				CODE_SIGN_IDENTITY = "iPhone Developer";
				COPY_PHASE_STRIP = NO;
				DEBUG_INFORMATION_FORMAT = dwarf;
				ENABLE_STRICT_OBJC_MSGSEND = YES;
				ENABLE_TESTABILITY = YES;
				GCC_C_LANGUAGE_STANDARD = gnu11;
				GCC_DYNAMIC_NO_PIC = NO;
				GCC_NO_COMMON_BLOCKS = YES;
				GCC_OPTIMIZATION_LEVEL = 0;
				GCC_PREPROCESSOR_DEFINITIONS = (
					"DEBUG=1",
					"$(inherited)",
				);
				GCC_WARN_64_TO_32_BIT_CONVERSION = YES;
				GCC_WARN_ABOUT_RETURN_TYPE = YES_ERROR;
				GCC_WARN_UNDECLARED_SELECTOR = YES;
				GCC_WARN_UNINITIALIZED_AUTOS = YES_AGGRESSIVE;
				GCC_WARN_UNUSED_FUNCTION = YES;
				GCC_WARN_UNUSED_VARIABLE = YES;
				IPHONEOS_DEPLOYMENT_TARGET = 12.1;
				MTL_ENABLE_DEBUG_INFO = INCLUDE_SOURCE;
				MTL_FAST_MATH = YES;
				ONLY_ACTIVE_ARCH = YES;
				SDKROOT = iphoneos;
				SWIFT_ACTIVE_COMPILATION_CONDITIONS = DEBUG;
				SWIFT_OPTIMIZATION_LEVEL = "-Onone";
			};
			name = Debug;
		};
		40B4652C22C7461F0010A445 /* Release */ = {
			isa = XCBuildConfiguration;
			buildSettings = {
				ALWAYS_SEARCH_USER_PATHS = NO;
				CLANG_ANALYZER_NONNULL = YES;
				CLANG_ANALYZER_NUMBER_OBJECT_CONVERSION = YES_AGGRESSIVE;
				CLANG_CXX_LANGUAGE_STANDARD = "gnu++14";
				CLANG_CXX_LIBRARY = "libc++";
				CLANG_ENABLE_MODULES = YES;
				CLANG_ENABLE_OBJC_ARC = YES;
				CLANG_ENABLE_OBJC_WEAK = YES;
				CLANG_WARN_BLOCK_CAPTURE_AUTORELEASING = YES;
				CLANG_WARN_BOOL_CONVERSION = YES;
				CLANG_WARN_COMMA = YES;
				CLANG_WARN_CONSTANT_CONVERSION = YES;
				CLANG_WARN_DEPRECATED_OBJC_IMPLEMENTATIONS = YES;
				CLANG_WARN_DIRECT_OBJC_ISA_USAGE = YES_ERROR;
				CLANG_WARN_DOCUMENTATION_COMMENTS = YES;
				CLANG_WARN_EMPTY_BODY = YES;
				CLANG_WARN_ENUM_CONVERSION = YES;
				CLANG_WARN_INFINITE_RECURSION = YES;
				CLANG_WARN_INT_CONVERSION = YES;
				CLANG_WARN_NON_LITERAL_NULL_CONVERSION = YES;
				CLANG_WARN_OBJC_IMPLICIT_RETAIN_SELF = YES;
				CLANG_WARN_OBJC_LITERAL_CONVERSION = YES;
				CLANG_WARN_OBJC_ROOT_CLASS = YES_ERROR;
				CLANG_WARN_RANGE_LOOP_ANALYSIS = YES;
				CLANG_WARN_STRICT_PROTOTYPES = YES;
				CLANG_WARN_SUSPICIOUS_MOVE = YES;
				CLANG_WARN_UNGUARDED_AVAILABILITY = YES_AGGRESSIVE;
				CLANG_WARN_UNREACHABLE_CODE = YES;
				CLANG_WARN__DUPLICATE_METHOD_MATCH = YES;
				CODE_SIGN_IDENTITY = "iPhone Developer";
				COPY_PHASE_STRIP = NO;
				DEBUG_INFORMATION_FORMAT = "dwarf-with-dsym";
				ENABLE_NS_ASSERTIONS = NO;
				ENABLE_STRICT_OBJC_MSGSEND = YES;
				GCC_C_LANGUAGE_STANDARD = gnu11;
				GCC_NO_COMMON_BLOCKS = YES;
				GCC_WARN_64_TO_32_BIT_CONVERSION = YES;
				GCC_WARN_ABOUT_RETURN_TYPE = YES_ERROR;
				GCC_WARN_UNDECLARED_SELECTOR = YES;
				GCC_WARN_UNINITIALIZED_AUTOS = YES_AGGRESSIVE;
				GCC_WARN_UNUSED_FUNCTION = YES;
				GCC_WARN_UNUSED_VARIABLE = YES;
				IPHONEOS_DEPLOYMENT_TARGET = 12.1;
				MTL_ENABLE_DEBUG_INFO = NO;
				MTL_FAST_MATH = YES;
				SDKROOT = iphoneos;
				SWIFT_COMPILATION_MODE = wholemodule;
				SWIFT_OPTIMIZATION_LEVEL = "-O";
				VALIDATE_PRODUCT = YES;
			};
			name = Release;
		};
		40B4652E22C7461F0010A445 /* Debug */ = {
			isa = XCBuildConfiguration;
			buildSettings = {
				ASSETCATALOG_COMPILER_APPICON_NAME = AppIcon;
				CODE_SIGN_STYLE = Automatic;
				DEVELOPMENT_TEAM = YYRJ67GN99;
				INFOPLIST_FILE = ConcentrationNew/Info.plist;
				LD_RUNPATH_SEARCH_PATHS = (
					"$(inherited)",
					"@executable_path/Frameworks",
				);
				PRODUCT_BUNDLE_IDENTIFIER = ivan.ho.ConcentrationNew;
				PRODUCT_NAME = "$(TARGET_NAME)";
				SWIFT_VERSION = 4.2;
				TARGETED_DEVICE_FAMILY = "1,2";
			};
			name = Debug;
		};
		40B4652F22C7461F0010A445 /* Release */ = {
			isa = XCBuildConfiguration;
			buildSettings = {
				ASSETCATALOG_COMPILER_APPICON_NAME = AppIcon;
				CODE_SIGN_STYLE = Automatic;
				DEVELOPMENT_TEAM = YYRJ67GN99;
				INFOPLIST_FILE = ConcentrationNew/Info.plist;
				LD_RUNPATH_SEARCH_PATHS = (
					"$(inherited)",
					"@executable_path/Frameworks",
				);
				PRODUCT_BUNDLE_IDENTIFIER = ivan.ho.ConcentrationNew;
				PRODUCT_NAME = "$(TARGET_NAME)";
				SWIFT_VERSION = 4.2;
				TARGETED_DEVICE_FAMILY = "1,2";
			};
			name = Release;
		};
/* End XCBuildConfiguration section */

/* Begin XCConfigurationList section */
		40B4651622C7461E0010A445 /* Build configuration list for PBXProject "ConcentrationNew" */ = {
			isa = XCConfigurationList;
			buildConfigurations = (
				40B4652B22C7461F0010A445 /* Debug */,
				40B4652C22C7461F0010A445 /* Release */,
			);
			defaultConfigurationIsVisible = 0;
			defaultConfigurationName = Release;
		};
		40B4652D22C7461F0010A445 /* Build configuration list for PBXNativeTarget "ConcentrationNew" */ = {
			isa = XCConfigurationList;
			buildConfigurations = (
				40B4652E22C7461F0010A445 /* Debug */,
				40B4652F22C7461F0010A445 /* Release */,
			);
			defaultConfigurationIsVisible = 0;
			defaultConfigurationName = Release;
		};
/* End XCConfigurationList section */
	};
	rootObject = 40B4651322C7461E0010A445 /* Project object */;
}
